
Microsoft Visual Studio Solution File, Format Version 12.00
# Visual Studio 2013
VisualStudioVersion = 12.0.31101.0
MinimumVisualStudioVersion = 10.0.40219.1
Project("{FAE04EC0-301F-11D3-BF4B-00C04F79EFBC}") = "Green Fingers", "Green Fingers\Green Fingers.csproj", "{E41CBB61-EEE9-44F1-90C5-F3664F7034A1}"
EndProject
Project("{2150E333-8FDC-42A3-9474-1A3956D46DE8}") = "Solution Items", "Solution Items", "{60408A51-BF3C-4628-AAE7-AC58C9375519}"
EndProject
Global
	GlobalSection(SolutionConfigurationPlatforms) = preSolution
		Debug|Any CPU = Debug|Any CPU
		Release|Any CPU = Release|Any CPU
	EndGlobalSection
	GlobalSection(ProjectConfigurationPlatforms) = postSolution
		{E41CBB61-EEE9-44F1-90C5-F3664F7034A1}.Debug|Any CPU.ActiveCfg = Debug|Any CPU
		{E41CBB61-EEE9-44F1-90C5-F3664F7034A1}.Debug|Any CPU.Build.0 = Debug|Any CPU
		{E41CBB61-EEE9-44F1-90C5-F3664F7034A1}.Release|Any CPU.ActiveCfg = Release|Any CPU
		{E41CBB61-EEE9-44F1-90C5-F3664F7034A1}.Release|Any CPU.Build.0 = Release|Any CPU
	EndGlobalSection
	GlobalSection(SolutionProperties) = preSolution
		HideSolutionNode = FALSE
	EndGlobalSection
EndGlobal
